
Microsoft Visual Studio Solution File, Format Version 12.00
# Visual Studio Version 17
VisualStudioVersion = 17.9.34616.47
MinimumVisualStudioVersion = 10.0.40219.1
Project("{FAE04EC0-301F-11D3-BF4B-00C04F79EFBC}") = "Baithuchanhso1", "Baithuchanhso1\Baithuchanhso1.csproj", "{1BF6A377-7346-4BD5-A293-5B1AE8773B6E}"
EndProject
Global
	GlobalSection(SolutionConfigurationPlatforms) = preSolution
		Debug|Any CPU = Debug|Any CPU
		Release|Any CPU = Release|Any CPU
	EndGlobalSection
	GlobalSection(ProjectConfigurationPlatforms) = postSolution
		{1BF6A377-7346-4BD5-A293-5B1AE8773B6E}.Debug|Any CPU.ActiveCfg = Debug|Any CPU
		{1BF6A377-7346-4BD5-A293-5B1AE8773B6E}.Debug|Any CPU.Build.0 = Debug|Any CPU
		{1BF6A377-7346-4BD5-A293-5B1AE8773B6E}.Release|Any CPU.ActiveCfg = Release|Any CPU
		{1BF6A377-7346-4BD5-A293-5B1AE8773B6E}.Release|Any CPU.Build.0 = Release|Any CPU
	EndGlobalSection
	GlobalSection(SolutionProperties) = preSolution
		HideSolutionNode = FALSE
	EndGlobalSection
	GlobalSection(ExtensibilityGlobals) = postSolution
		SolutionGuid = {2862DF8E-489F-4AE5-B8DD-3E24D0879BE7}
	EndGlobalSection
EndGlobal
